// !$*UTF8*$!
{
	archiveVersion = 1;
	classes = {
	};
	objectVersion = 50;
	objects = {

/* Begin PBXBuildFile section */
		CEAB70C82645128700269BE1 /* mercyServiceApp.swift in Sources */ = {isa = PBXBuildFile; fileRef = CEAB70C72645128700269BE1 /* mercyServiceApp.swift */; };
		CEAB70CA2645128700269BE1 /* ContentView.swift in Sources */ = {isa = PBXBuildFile; fileRef = CEAB70C92645128700269BE1 /* ContentView.swift */; };
		CEAB70CC2645128A00269BE1 /* Assets.xcassets in Resources */ = {isa = PBXBuildFile; fileRef = CEAB70CB2645128A00269BE1 /* Assets.xcassets */; };
		CEAB70CF2645128A00269BE1 /* Preview Assets.xcassets in Resources */ = {isa = PBXBuildFile; fileRef = CEAB70CE2645128A00269BE1 /* Preview Assets.xcassets */; };
		CEAB70DA2645128B00269BE1 /* mercyServiceTests.swift in Sources */ = {isa = PBXBuildFile; fileRef = CEAB70D92645128B00269BE1 /* mercyServiceTests.swift */; };
		CEAB70E52645128B00269BE1 /* mercyServiceUITests.swift in Sources */ = {isa = PBXBuildFile; fileRef = CEAB70E42645128B00269BE1 /* mercyServiceUITests.swift */; };
/* End PBXBuildFile section */

/* Begin PBXContainerItemProxy section */
		CEAB70D62645128B00269BE1 /* PBXContainerItemProxy */ = {
			isa = PBXContainerItemProxy;
			containerPortal = CEAB70BC2645128700269BE1 /* Project object */;
			proxyType = 1;
			remoteGlobalIDString = CEAB70C32645128700269BE1;
			remoteInfo = mercyService;
		};
		CEAB70E12645128B00269BE1 /* PBXContainerItemProxy */ = {
			isa = PBXContainerItemProxy;
			containerPortal = CEAB70BC2645128700269BE1 /* Project object */;
			proxyType = 1;
			remoteGlobalIDString = CEAB70C32645128700269BE1;
			remoteInfo = mercyService;
		};
/* End PBXContainerItemProxy section */

/* Begin PBXFileReference section */
		CEAB70C42645128700269BE1 /* mercyService.app */ = {isa = PBXFileReference; explicitFileType = wrapper.application; includeInIndex = 0; path = mercyService.app; sourceTree = BUILT_PRODUCTS_DIR; };
		CEAB70C72645128700269BE1 /* mercyServiceApp.swift */ = {isa = PBXFileReference; lastKnownFileType = sourcecode.swift; path = mercyServiceApp.swift; sourceTree = "<group>"; };
		CEAB70C92645128700269BE1 /* ContentView.swift */ = {isa = PBXFileReference; lastKnownFileType = sourcecode.swift; path = ContentView.swift; sourceTree = "<group>"; };
		CEAB70CB2645128A00269BE1 /* Assets.xcassets */ = {isa = PBXFileReference; lastKnownFileType = folder.assetcatalog; path = Assets.xcassets; sourceTree = "<group>"; };
		CEAB70CE2645128A00269BE1 /* Preview Assets.xcassets */ = {isa = PBXFileReference; lastKnownFileType = folder.assetcatalog; path = "Preview Assets.xcassets"; sourceTree = "<group>"; };
		CEAB70D02645128A00269BE1 /* Info.plist */ = {isa = PBXFileReference; lastKnownFileType = text.plist.xml; path = Info.plist; sourceTree = "<group>"; };
		CEAB70D52645128B00269BE1 /* mercyServiceTests.xctest */ = {isa = PBXFileReference; explicitFileType = wrapper.cfbundle; includeInIndex = 0; path = mercyServiceTests.xctest; sourceTree = BUILT_PRODUCTS_DIR; };
		CEAB70D92645128B00269BE1 /* mercyServiceTests.swift */ = {isa = PBXFileReference; lastKnownFileType = sourcecode.swift; path = mercyServiceTests.swift; sourceTree = "<group>"; };
		CEAB70DB2645128B00269BE1 /* Info.plist */ = {isa = PBXFileReference; lastKnownFileType = text.plist.xml; path = Info.plist; sourceTree = "<group>"; };
		CEAB70E02645128B00269BE1 /* mercyServiceUITests.xctest */ = {isa = PBXFileReference; explicitFileType = wrapper.cfbundle; includeInIndex = 0; path = mercyServiceUITests.xctest; sourceTree = BUILT_PRODUCTS_DIR; };
		CEAB70E42645128B00269BE1 /* mercyServiceUITests.swift */ = {isa = PBXFileReference; lastKnownFileType = sourcecode.swift; path = mercyServiceUITests.swift; sourceTree = "<group>"; };
		CEAB70E62645128B00269BE1 /* Info.plist */ = {isa = PBXFileReference; lastKnownFileType = text.plist.xml; path = Info.plist; sourceTree = "<group>"; };
/* End PBXFileReference section */

/* Begin PBXFrameworksBuildPhase section */
		CEAB70C12645128700269BE1 /* Frameworks */ = {
			isa = PBXFrameworksBuildPhase;
			buildActionMask = 2147483647;
			files = (
			);
			runOnlyForDeploymentPostprocessing = 0;
		};
		CEAB70D22645128B00269BE1 /* Frameworks */ = {
			isa = PBXFrameworksBuildPhase;
			buildActionMask = 2147483647;
			files = (
			);
			runOnlyForDeploymentPostprocessing = 0;
		};
		CEAB70DD2645128B00269BE1 /* Frameworks */ = {
			isa = PBXFrameworksBuildPhase;
			buildActionMask = 2147483647;
			files = (
			);
			runOnlyForDeploymentPostprocessing = 0;
		};
/* End PBXFrameworksBuildPhase section */

/* Begin PBXGroup section */
		CEAB70BB2645128700269BE1 = {
			isa = PBXGroup;
			children = (
				CEAB70C62645128700269BE1 /* mercyService */,
				CEAB70D82645128B00269BE1 /* mercyServiceTests */,
				CEAB70E32645128B00269BE1 /* mercyServiceUITests */,
				CEAB70C52645128700269BE1 /* Products */,
			);
			sourceTree = "<group>";
		};
		CEAB70C52645128700269BE1 /* Products */ = {
			isa = PBXGroup;
			children = (
				CEAB70C42645128700269BE1 /* mercyService.app */,
				CEAB70D52645128B00269BE1 /* mercyServiceTests.xctest */,
				CEAB70E02645128B00269BE1 /* mercyServiceUITests.xctest */,
			);
			name = Products;
			sourceTree = "<group>";
		};
		CEAB70C62645128700269BE1 /* mercyService */ = {
			isa = PBXGroup;
			children = (
				CEAB70C72645128700269BE1 /* mercyServiceApp.swift */,
				CEAB70C92645128700269BE1 /* ContentView.swift */,
				CEAB70CB2645128A00269BE1 /* Assets.xcassets */,
				CEAB70D02645128A00269BE1 /* Info.plist */,
				CEAB70CD2645128A00269BE1 /* Preview Content */,
			);
			path = mercyService;
			sourceTree = "<group>";
		};
		CEAB70CD2645128A00269BE1 /* Preview Content */ = {
			isa = PBXGroup;
			children = (
				CEAB70CE2645128A00269BE1 /* Preview Assets.xcassets */,
			);
			path = "Preview Content";
			sourceTree = "<group>";
		};
		CEAB70D82645128B00269BE1 /* mercyServiceTests */ = {
			isa = PBXGroup;
			children = (
				CEAB70D92645128B00269BE1 /* mercyServiceTests.swift */,
				CEAB70DB2645128B00269BE1 /* Info.plist */,
			);
			path = mercyServiceTests;
			sourceTree = "<group>";
		};
		CEAB70E32645128B00269BE1 /* mercyServiceUITests */ = {
			isa = PBXGroup;
			children = (
				CEAB70E42645128B00269BE1 /* mercyServiceUITests.swift */,
				CEAB70E62645128B00269BE1 /* Info.plist */,
			);
			path = mercyServiceUITests;
			sourceTree = "<group>";
		};
/* End PBXGroup section */

/* Begin PBXNativeTarget section */
		CEAB70C32645128700269BE1 /* mercyService */ = {
			isa = PBXNativeTarget;
			buildConfigurationList = CEAB70E92645128B00269BE1 /* Build configuration list for PBXNativeTarget "mercyService" */;
			buildPhases = (
				CEAB70C02645128700269BE1 /* Sources */,
				CEAB70C12645128700269BE1 /* Frameworks */,
				CEAB70C22645128700269BE1 /* Resources */,
			);
			buildRules = (
			);
			dependencies = (
			);
			name = mercyService;
			productName = mercyService;
			productReference = CEAB70C42645128700269BE1 /* mercyService.app */;
			productType = "com.apple.product-type.application";
		};
		CEAB70D42645128B00269BE1 /* mercyServiceTests */ = {
			isa = PBXNativeTarget;
			buildConfigurationList = CEAB70EC2645128B00269BE1 /* Build configuration list for PBXNativeTarget "mercyServiceTests" */;
			buildPhases = (
				CEAB70D12645128B00269BE1 /* Sources */,
				CEAB70D22645128B00269BE1 /* Frameworks */,
				CEAB70D32645128B00269BE1 /* Resources */,
			);
			buildRules = (
			);
			dependencies = (
				CEAB70D72645128B00269BE1 /* PBXTargetDependency */,
			);
			name = mercyServiceTests;
			productName = mercyServiceTests;
			productReference = CEAB70D52645128B00269BE1 /* mercyServiceTests.xctest */;
			productType = "com.apple.product-type.bundle.unit-test";
		};
		CEAB70DF2645128B00269BE1 /* mercyServiceUITests */ = {
			isa = PBXNativeTarget;
			buildConfigurationList = CEAB70EF2645128B00269BE1 /* Build configuration list for PBXNativeTarget "mercyServiceUITests" */;
			buildPhases = (
				CEAB70DC2645128B00269BE1 /* Sources */,
				CEAB70DD2645128B00269BE1 /* Frameworks */,
				CEAB70DE2645128B00269BE1 /* Resources */,
			);
			buildRules = (
			);
			dependencies = (
				CEAB70E22645128B00269BE1 /* PBXTargetDependency */,
			);
			name = mercyServiceUITests;
			productName = mercyServiceUITests;
			productReference = CEAB70E02645128B00269BE1 /* mercyServiceUITests.xctest */;
			productType = "com.apple.product-type.bundle.ui-testing";
		};
/* End PBXNativeTarget section */

/* Begin PBXProject section */
		CEAB70BC2645128700269BE1 /* Project object */ = {
			isa = PBXProject;
			attributes = {
				LastSwiftUpdateCheck = 1250;
				LastUpgradeCheck = 1250;
				TargetAttributes = {
					CEAB70C32645128700269BE1 = {
						CreatedOnToolsVersion = 12.5;
					};
					CEAB70D42645128B00269BE1 = {
						CreatedOnToolsVersion = 12.5;
						TestTargetID = CEAB70C32645128700269BE1;
					};
					CEAB70DF2645128B00269BE1 = {
						CreatedOnToolsVersion = 12.5;
						TestTargetID = CEAB70C32645128700269BE1;
					};
				};
			};
			buildConfigurationList = CEAB70BF2645128700269BE1 /* Build configuration list for PBXProject "mercyService" */;
			compatibilityVersion = "Xcode 9.3";
			developmentRegion = en;
			hasScannedForEncodings = 0;
			knownRegions = (
				en,
				Base,
			);
			mainGroup = CEAB70BB2645128700269BE1;
			productRefGroup = CEAB70C52645128700269BE1 /* Products */;
			projectDirPath = "";
			projectRoot = "";
			targets = (
				CEAB70C32645128700269BE1 /* mercyService */,
				CEAB70D42645128B00269BE1 /* mercyServiceTests */,
				CEAB70DF2645128B00269BE1 /* mercyServiceUITests */,
			);
		};
/* End PBXProject section */

/* Begin PBXResourcesBuildPhase section */
		CEAB70C22645128700269BE1 /* Resources */ = {
			isa = PBXResourcesBuildPhase;
			buildActionMask = 2147483647;
			files = (
				CEAB70CF2645128A00269BE1 /* Preview Assets.xcassets in Resources */,
				CEAB70CC2645128A00269BE1 /* Assets.xcassets in Resources */,
			);
			runOnlyForDeploymentPostprocessing = 0;
		};
		CEAB70D32645128B00269BE1 /* Resources */ = {
			isa = PBXResourcesBuildPhase;
			buildActionMask = 2147483647;
			files = (
			);
			runOnlyForDeploymentPostprocessing = 0;
		};
		CEAB70DE2645128B00269BE1 /* Resources */ = {
			isa = PBXResourcesBuildPhase;
			buildActionMask = 2147483647;
			files = (
			);
			runOnlyForDeploymentPostprocessing = 0;
		};
/* End PBXResourcesBuildPhase section */

/* Begin PBXSourcesBuildPhase section */
		CEAB70C02645128700269BE1 /* Sources */ = {
			isa = PBXSourcesBuildPhase;
			buildActionMask = 2147483647;
			files = (
				CEAB70CA2645128700269BE1 /* ContentView.swift in Sources */,
				CEAB70C82645128700269BE1 /* mercyServiceApp.swift in Sources */,
			);
			runOnlyForDeploymentPostprocessing = 0;
		};
		CEAB70D12645128B00269BE1 /* Sources */ = {
			isa = PBXSourcesBuildPhase;
			buildActionMask = 2147483647;
			files = (
				CEAB70DA2645128B00269BE1 /* mercyServiceTests.swift in Sources */,
			);
			runOnlyForDeploymentPostprocessing = 0;
		};
		CEAB70DC2645128B00269BE1 /* Sources */ = {
			isa = PBXSourcesBuildPhase;
			buildActionMask = 2147483647;
			files = (
				CEAB70E52645128B00269BE1 /* mercyServiceUITests.swift in Sources */,
			);
			runOnlyForDeploymentPostprocessing = 0;
		};
/* End PBXSourcesBuildPhase section */

/* Begin PBXTargetDependency section */
		CEAB70D72645128B00269BE1 /* PBXTargetDependency */ = {
			isa = PBXTargetDependency;
			target = CEAB70C32645128700269BE1 /* mercyService */;
			targetProxy = CEAB70D62645128B00269BE1 /* PBXContainerItemProxy */;
		};
		CEAB70E22645128B00269BE1 /* PBXTargetDependency */ = {
			isa = PBXTargetDependency;
			target = CEAB70C32645128700269BE1 /* mercyService */;
			targetProxy = CEAB70E12645128B00269BE1 /* PBXContainerItemProxy */;
		};
/* End PBXTargetDependency section */

/* Begin XCBuildConfiguration section */
		CEAB70E72645128B00269BE1 /* Debug */ = {
			isa = XCBuildConfiguration;
			buildSettings = {
				ALWAYS_SEARCH_USER_PATHS = NO;
				CLANG_ANALYZER_NONNULL = YES;
				CLANG_ANALYZER_NUMBER_OBJECT_CONVERSION = YES_AGGRESSIVE;
				CLANG_CXX_LANGUAGE_STANDARD = "gnu++14";
				CLANG_CXX_LIBRARY = "libc++";
				CLANG_ENABLE_MODULES = YES;
				CLANG_ENABLE_OBJC_ARC = YES;
				CLANG_ENABLE_OBJC_WEAK = YES;
				CLANG_WARN_BLOCK_CAPTURE_AUTORELEASING = YES;
				CLANG_WARN_BOOL_CONVERSION = YES;
				CLANG_WARN_COMMA = YES;
				CLANG_WARN_CONSTANT_CONVERSION = YES;
				CLANG_WARN_DEPRECATED_OBJC_IMPLEMENTATIONS = YES;
				CLANG_WARN_DIRECT_OBJC_ISA_USAGE = YES_ERROR;
				CLANG_WARN_DOCUMENTATION_COMMENTS = YES;
				CLANG_WARN_EMPTY_BODY = YES;
				CLANG_WARN_ENUM_CONVERSION = YES;
				CLANG_WARN_INFINITE_RECURSION = YES;
				CLANG_WARN_INT_CONVERSION = YES;
				CLANG_WARN_NON_LITERAL_NULL_CONVERSION = YES;
				CLANG_WARN_OBJC_IMPLICIT_RETAIN_SELF = YES;
				CLANG_WARN_OBJC_LITERAL_CONVERSION = YES;
				CLANG_WARN_OBJC_ROOT_CLASS = YES_ERROR;
				CLANG_WARN_QUOTED_INCLUDE_IN_FRAMEWORK_HEADER = YES;
				CLANG_WARN_RANGE_LOOP_ANALYSIS = YES;
				CLANG_WARN_STRICT_PROTOTYPES = YES;
				CLANG_WARN_SUSPICIOUS_MOVE = YES;
				CLANG_WARN_UNGUARDED_AVAILABILITY = YES_AGGRESSIVE;
				CLANG_WARN_UNREACHABLE_CODE = YES;
				CLANG_WARN__DUPLICATE_METHOD_MATCH = YES;
				COPY_PHASE_STRIP = NO;
				DEBUG_INFORMATION_FORMAT = dwarf;
				ENABLE_STRICT_OBJC_MSGSEND = YES;
				ENABLE_TESTABILITY = YES;
				GCC_C_LANGUAGE_STANDARD = gnu11;
				GCC_DYNAMIC_NO_PIC = NO;
				GCC_NO_COMMON_BLOCKS = YES;
				GCC_OPTIMIZATION_LEVEL = 0;
				GCC_PREPROCESSOR_DEFINITIONS = (
					"DEBUG=1",
					"$(inherited)",
				);
				GCC_WARN_64_TO_32_BIT_CONVERSION = YES;
				GCC_WARN_ABOUT_RETURN_TYPE = YES_ERROR;
				GCC_WARN_UNDECLARED_SELECTOR = YES;
				GCC_WARN_UNINITIALIZED_AUTOS = YES_AGGRESSIVE;
				GCC_WARN_UNUSED_FUNCTION = YES;
				GCC_WARN_UNUSED_VARIABLE = YES;
				IPHONEOS_DEPLOYMENT_TARGET = 14.5;
				MTL_ENABLE_DEBUG_INFO = INCLUDE_SOURCE;
				MTL_FAST_MATH = YES;
				ONLY_ACTIVE_ARCH = YES;
				SDKROOT = iphoneos;
				SWIFT_ACTIVE_COMPILATION_CONDITIONS = DEBUG;
				SWIFT_OPTIMIZATION_LEVEL = "-Onone";
			};
			name = Debug;
		};
		CEAB70E82645128B00269BE1 /* Release */ = {
			isa = XCBuildConfiguration;
			buildSettings = {
				ALWAYS_SEARCH_USER_PATHS = NO;
				CLANG_ANALYZER_NONNULL = YES;
				CLANG_ANALYZER_NUMBER_OBJECT_CONVERSION = YES_AGGRESSIVE;
				CLANG_CXX_LANGUAGE_STANDARD = "gnu++14";
				CLANG_CXX_LIBRARY = "libc++";
				CLANG_ENABLE_MODULES = YES;
				CLANG_ENABLE_OBJC_ARC = YES;
				CLANG_ENABLE_OBJC_WEAK = YES;
				CLANG_WARN_BLOCK_CAPTURE_AUTORELEASING = YES;
				CLANG_WARN_BOOL_CONVERSION = YES;
				CLANG_WARN_COMMA = YES;
				CLANG_WARN_CONSTANT_CONVERSION = YES;
				CLANG_WARN_DEPRECATED_OBJC_IMPLEMENTATIONS = YES;
				CLANG_WARN_DIRECT_OBJC_ISA_USAGE = YES_ERROR;
				CLANG_WARN_DOCUMENTATION_COMMENTS = YES;
				CLANG_WARN_EMPTY_BODY = YES;
				CLANG_WARN_ENUM_CONVERSION = YES;
				CLANG_WARN_INFINITE_RECURSION = YES;
				CLANG_WARN_INT_CONVERSION = YES;
				CLANG_WARN_NON_LITERAL_NULL_CONVERSION = YES;
				CLANG_WARN_OBJC_IMPLICIT_RETAIN_SELF = YES;
				CLANG_WARN_OBJC_LITERAL_CONVERSION = YES;
				CLANG_WARN_OBJC_ROOT_CLASS = YES_ERROR;
				CLANG_WARN_QUOTED_INCLUDE_IN_FRAMEWORK_HEADER = YES;
				CLANG_WARN_RANGE_LOOP_ANALYSIS = YES;
				CLANG_WARN_STRICT_PROTOTYPES = YES;
				CLANG_WARN_SUSPICIOUS_MOVE = YES;
				CLANG_WARN_UNGUARDED_AVAILABILITY = YES_AGGRESSIVE;
				CLANG_WARN_UNREACHABLE_CODE = YES;
				CLANG_WARN__DUPLICATE_METHOD_MATCH = YES;
				COPY_PHASE_STRIP = NO;
				DEBUG_INFORMATION_FORMAT = "dwarf-with-dsym";
				ENABLE_NS_ASSERTIONS = NO;
				ENABLE_STRICT_OBJC_MSGSEND = YES;
				GCC_C_LANGUAGE_STANDARD = gnu11;
				GCC_NO_COMMON_BLOCKS = YES;
				GCC_WARN_64_TO_32_BIT_CONVERSION = YES;
				GCC_WARN_ABOUT_RETURN_TYPE = YES_ERROR;
				GCC_WARN_UNDECLARED_SELECTOR = YES;
				GCC_WARN_UNINITIALIZED_AUTOS = YES_AGGRESSIVE;
				GCC_WARN_UNUSED_FUNCTION = YES;
				GCC_WARN_UNUSED_VARIABLE = YES;
				IPHONEOS_DEPLOYMENT_TARGET = 14.5;
				MTL_ENABLE_DEBUG_INFO = NO;
				MTL_FAST_MATH = YES;
				SDKROOT = iphoneos;
				SWIFT_COMPILATION_MODE = wholemodule;
				SWIFT_OPTIMIZATION_LEVEL = "-O";
				VALIDATE_PRODUCT = YES;
			};
			name = Release;
		};
		CEAB70EA2645128B00269BE1 /* Debug */ = {
			isa = XCBuildConfiguration;
			buildSettings = {
				ASSETCATALOG_COMPILER_APPICON_NAME = AppIcon;
				ASSETCATALOG_COMPILER_GLOBAL_ACCENT_COLOR_NAME = AccentColor;
				CODE_SIGN_STYLE = Automatic;
				DEVELOPMENT_ASSET_PATHS = "\"mercyService/Preview Content\"";
				DEVELOPMENT_TEAM = GS96V2X2Y2;
				ENABLE_PREVIEWS = YES;
				INFOPLIST_FILE = mercyService/Info.plist;
				IPHONEOS_DEPLOYMENT_TARGET = 14.0;
				LD_RUNPATH_SEARCH_PATHS = (
					"$(inherited)",
					"@executable_path/Frameworks",
				);
				PRODUCT_BUNDLE_IDENTIFIER = com.averic.mercyService;
				PRODUCT_NAME = "$(TARGET_NAME)";
				SWIFT_VERSION = 5.0;
				TARGETED_DEVICE_FAMILY = "1,2";
			};
			name = Debug;
		};
		CEAB70EB2645128B00269BE1 /* Release */ = {
			isa = XCBuildConfiguration;
			buildSettings = {
				ASSETCATALOG_COMPILER_APPICON_NAME = AppIcon;
				ASSETCATALOG_COMPILER_GLOBAL_ACCENT_COLOR_NAME = AccentColor;
				CODE_SIGN_STYLE = Automatic;
				DEVELOPMENT_ASSET_PATHS = "\"mercyService/Preview Content\"";
				DEVELOPMENT_TEAM = GS96V2X2Y2;
				ENABLE_PREVIEWS = YES;
				INFOPLIST_FILE = mercyService/Info.plist;
				IPHONEOS_DEPLOYMENT_TARGET = 14.0;
				LD_RUNPATH_SEARCH_PATHS = (
					"$(inherited)",
					"@executable_path/Frameworks",
				);
				PRODUCT_BUNDLE_IDENTIFIER = com.averic.mercyService;
				PRODUCT_NAME = "$(TARGET_NAME)";
				SWIFT_VERSION = 5.0;
				TARGETED_DEVICE_FAMILY = "1,2";
			};
			name = Release;
		};
		CEAB70ED2645128B00269BE1 /* Debug */ = {
			isa = XCBuildConfiguration;
			buildSettings = {
				ALWAYS_EMBED_SWIFT_STANDARD_LIBRARIES = YES;
				BUNDLE_LOADER = "$(TEST_HOST)";
				CODE_SIGN_STYLE = Automatic;
				DEVELOPMENT_TEAM = GS96V2X2Y2;
				INFOPLIST_FILE = mercyServiceTests/Info.plist;
				IPHONEOS_DEPLOYMENT_TARGET = 14.0;
				LD_RUNPATH_SEARCH_PATHS = (
					"$(inherited)",
					"@executable_path/Frameworks",
					"@loader_path/Frameworks",
				);
				PRODUCT_BUNDLE_IDENTIFIER = com.averic.mercyServiceTests;
				PRODUCT_NAME = "$(TARGET_NAME)";
				SWIFT_VERSION = 5.0;
				TARGETED_DEVICE_FAMILY = "1,2";
				TEST_HOST = "$(BUILT_PRODUCTS_DIR)/mercyService.app/mercyService";
			};
			name = Debug;
		};
		CEAB70EE2645128B00269BE1 /* Release */ = {
			isa = XCBuildConfiguration;
			buildSettings = {
				ALWAYS_EMBED_SWIFT_STANDARD_LIBRARIES = YES;
				BUNDLE_LOADER = "$(TEST_HOST)";
				CODE_SIGN_STYLE = Automatic;
				DEVELOPMENT_TEAM = GS96V2X2Y2;
				INFOPLIST_FILE = mercyServiceTests/Info.plist;
				IPHONEOS_DEPLOYMENT_TARGET = 14.0;
				LD_RUNPATH_SEARCH_PATHS = (
					"$(inherited)",
					"@executable_path/Frameworks",
					"@loader_path/Frameworks",
				);
				PRODUCT_BUNDLE_IDENTIFIER = com.averic.mercyServiceTests;
				PRODUCT_NAME = "$(TARGET_NAME)";
				SWIFT_VERSION = 5.0;
				TARGETED_DEVICE_FAMILY = "1,2";
				TEST_HOST = "$(BUILT_PRODUCTS_DIR)/mercyService.app/mercyService";
			};
			name = Release;
		};
		CEAB70F02645128B00269BE1 /* Debug */ = {
			isa = XCBuildConfiguration;
			buildSettings = {
				ALWAYS_EMBED_SWIFT_STANDARD_LIBRARIES = YES;
				CODE_SIGN_STYLE = Automatic;
				DEVELOPMENT_TEAM = GS96V2X2Y2;
				INFOPLIST_FILE = mercyServiceUITests/Info.plist;
				LD_RUNPATH_SEARCH_PATHS = (
					"$(inherited)",
					"@executable_path/Frameworks",
					"@loader_path/Frameworks",
				);
				PRODUCT_BUNDLE_IDENTIFIER = com.averic.mercyServiceUITests;
				PRODUCT_NAME = "$(TARGET_NAME)";
				SWIFT_VERSION = 5.0;
				TARGETED_DEVICE_FAMILY = "1,2";
				TEST_TARGET_NAME = mercyService;
			};
			name = Debug;
		};
		CEAB70F12645128B00269BE1 /* Release */ = {
			isa = XCBuildConfiguration;
			buildSettings = {
				ALWAYS_EMBED_SWIFT_STANDARD_LIBRARIES = YES;
				CODE_SIGN_STYLE = Automatic;
				DEVELOPMENT_TEAM = GS96V2X2Y2;
				INFOPLIST_FILE = mercyServiceUITests/Info.plist;
				LD_RUNPATH_SEARCH_PATHS = (
					"$(inherited)",
					"@executable_path/Frameworks",
					"@loader_path/Frameworks",
				);
				PRODUCT_BUNDLE_IDENTIFIER = com.averic.mercyServiceUITests;
				PRODUCT_NAME = "$(TARGET_NAME)";
				SWIFT_VERSION = 5.0;
				TARGETED_DEVICE_FAMILY = "1,2";
				TEST_TARGET_NAME = mercyService;
			};
			name = Release;
		};
/* End XCBuildConfiguration section */

/* Begin XCConfigurationList section */
		CEAB70BF2645128700269BE1 /* Build configuration list for PBXProject "mercyService" */ = {
			isa = XCConfigurationList;
			buildConfigurations = (
				CEAB70E72645128B00269BE1 /* Debug */,
				CEAB70E82645128B00269BE1 /* Release */,
			);
			defaultConfigurationIsVisible = 0;
			defaultConfigurationName = Release;
		};
		CEAB70E92645128B00269BE1 /* Build configuration list for PBXNativeTarget "mercyService" */ = {
			isa = XCConfigurationList;
			buildConfigurations = (
				CEAB70EA2645128B00269BE1 /* Debug */,
				CEAB70EB2645128B00269BE1 /* Release */,
			);
			defaultConfigurationIsVisible = 0;
			defaultConfigurationName = Release;
		};
		CEAB70EC2645128B00269BE1 /* Build configuration list for PBXNativeTarget "mercyServiceTests" */ = {
			isa = XCConfigurationList;
			buildConfigurations = (
				CEAB70ED2645128B00269BE1 /* Debug */,
				CEAB70EE2645128B00269BE1 /* Release */,
			);
			defaultConfigurationIsVisible = 0;
			defaultConfigurationName = Release;
		};
		CEAB70EF2645128B00269BE1 /* Build configuration list for PBXNativeTarget "mercyServiceUITests" */ = {
			isa = XCConfigurationList;
			buildConfigurations = (
				CEAB70F02645128B00269BE1 /* Debug */,
				CEAB70F12645128B00269BE1 /* Release */,
			);
			defaultConfigurationIsVisible = 0;
			defaultConfigurationName = Release;
		};
/* End XCConfigurationList section */
	};
	rootObject = CEAB70BC2645128700269BE1 /* Project object */;
}
